
Microsoft Visual Studio Solution File, Format Version 12.00
# Visual Studio Version 16
VisualStudioVersion = 16.0.30104.148
MinimumVisualStudioVersion = 10.0.40219.1
Project("{FAE04EC0-301F-11D3-BF4B-00C04F79EFBC}") = "WebcamFixer", "WebcamFixer.csproj", "{4CC222D0-746F-480F-B44D-F0159BFC0993}"
EndProject
Global
	GlobalSection(SolutionConfigurationPlatforms) = preSolution
		Debug|Any CPU = Debug|Any CPU
		Release|Any CPU = Release|Any CPU
	EndGlobalSection
	GlobalSection(ProjectConfigurationPlatforms) = postSolution
		{4CC222D0-746F-480F-B44D-F0159BFC0993}.Debug|Any CPU.ActiveCfg = Debug|Any CPU
		{4CC222D0-746F-480F-B44D-F0159BFC0993}.Debug|Any CPU.Build.0 = Debug|Any CPU
		{4CC222D0-746F-480F-B44D-F0159BFC0993}.Release|Any CPU.ActiveCfg = Release|Any CPU
		{4CC222D0-746F-480F-B44D-F0159BFC0993}.Release|Any CPU.Build.0 = Release|Any CPU
	EndGlobalSection
	GlobalSection(SolutionProperties) = preSolution
		HideSolutionNode = FALSE
	EndGlobalSection
	GlobalSection(ExtensibilityGlobals) = postSolution
		SolutionGuid = {CC6106C9-520A-4BA7-A267-0A3D8BE648A3}
	EndGlobalSection
EndGlobal
